
Microsoft Visual Studio Solution File, Format Version 12.00
# Visual Studio 2012
Project("{FAE04EC0-301F-11D3-BF4B-00C04F79EFBC}") = "Try", "Try.csproj", "{5CB5BBA5-C48E-4F01-A1A6-DE6129E93E4B}"
EndProject
Project("{FAE04EC0-301F-11D3-BF4B-00C04F79EFBC}") = "UnitTestTry", "..\UnitTestTry\UnitTestTry.csproj", "{2CB23102-EEDB-40BB-99E5-95A9623D86C9}"
EndProject
Global
	GlobalSection(SolutionConfigurationPlatforms) = preSolution
		Debug|Any CPU = Debug|Any CPU
		Release|Any CPU = Release|Any CPU
	EndGlobalSection
	GlobalSection(ProjectConfigurationPlatforms) = postSolution
		{5CB5BBA5-C48E-4F01-A1A6-DE6129E93E4B}.Debug|Any CPU.ActiveCfg = Debug|Any CPU
		{5CB5BBA5-C48E-4F01-A1A6-DE6129E93E4B}.Debug|Any CPU.Build.0 = Debug|Any CPU
		{5CB5BBA5-C48E-4F01-A1A6-DE6129E93E4B}.Release|Any CPU.ActiveCfg = Release|Any CPU
		{5CB5BBA5-C48E-4F01-A1A6-DE6129E93E4B}.Release|Any CPU.Build.0 = Release|Any CPU
		{2CB23102-EEDB-40BB-99E5-95A9623D86C9}.Debug|Any CPU.ActiveCfg = Debug|Any CPU
		{2CB23102-EEDB-40BB-99E5-95A9623D86C9}.Debug|Any CPU.Build.0 = Debug|Any CPU
		{2CB23102-EEDB-40BB-99E5-95A9623D86C9}.Release|Any CPU.ActiveCfg = Release|Any CPU
		{2CB23102-EEDB-40BB-99E5-95A9623D86C9}.Release|Any CPU.Build.0 = Release|Any CPU
	EndGlobalSection
	GlobalSection(SolutionProperties) = preSolution
		HideSolutionNode = FALSE
	EndGlobalSection
EndGlobal
